
Microsoft Visual Studio Solution File, Format Version 12.00
# Visual Studio Version 16
VisualStudioVersion = 16.0.31727.386
MinimumVisualStudioVersion = 10.0.40219.1
Project("{FAE04EC0-301F-11D3-BF4B-00C04F79EFBC}") = "Snake", "Snake\Snake.csproj", "{B504F86D-0AD4-4E7A-B8D6-BA552CC232B5}"
EndProject
Global
	GlobalSection(SolutionConfigurationPlatforms) = preSolution
		Debug|Any CPU = Debug|Any CPU
		Release|Any CPU = Release|Any CPU
	EndGlobalSection
	GlobalSection(ProjectConfigurationPlatforms) = postSolution
		{B504F86D-0AD4-4E7A-B8D6-BA552CC232B5}.Debug|Any CPU.ActiveCfg = Debug|Any CPU
		{B504F86D-0AD4-4E7A-B8D6-BA552CC232B5}.Debug|Any CPU.Build.0 = Debug|Any CPU
		{B504F86D-0AD4-4E7A-B8D6-BA552CC232B5}.Release|Any CPU.ActiveCfg = Release|Any CPU
		{B504F86D-0AD4-4E7A-B8D6-BA552CC232B5}.Release|Any CPU.Build.0 = Release|Any CPU
	EndGlobalSection
	GlobalSection(SolutionProperties) = preSolution
		HideSolutionNode = FALSE
	EndGlobalSection
	GlobalSection(ExtensibilityGlobals) = postSolution
		SolutionGuid = {674F6FB9-FF14-4C99-B576-521C4A05BFD2}
	EndGlobalSection
EndGlobal
